
Microsoft Visual Studio Solution File, Format Version 12.00
# Visual Studio Version 17
VisualStudioVersion = 17.14.36109.1 d17.14
MinimumVisualStudioVersion = 10.0.40219.1
Project("{FAE04EC0-301F-11D3-BF4B-00C04F79EFBC}") = "supermecadoelectronico", "supermecadoelectronico.csproj", "{299C07C3-C711-42AF-AFF5-9EBAC9FAFDC5}"
EndProject
Global
	GlobalSection(SolutionConfigurationPlatforms) = preSolution
		Debug|Any CPU = Debug|Any CPU
		Release|Any CPU = Release|Any CPU
	EndGlobalSection
	GlobalSection(ProjectConfigurationPlatforms) = postSolution
		{299C07C3-C711-42AF-AFF5-9EBAC9FAFDC5}.Debug|Any CPU.ActiveCfg = Debug|Any CPU
		{299C07C3-C711-42AF-AFF5-9EBAC9FAFDC5}.Debug|Any CPU.Build.0 = Debug|Any CPU
		{299C07C3-C711-42AF-AFF5-9EBAC9FAFDC5}.Release|Any CPU.ActiveCfg = Release|Any CPU
		{299C07C3-C711-42AF-AFF5-9EBAC9FAFDC5}.Release|Any CPU.Build.0 = Release|Any CPU
	EndGlobalSection
	GlobalSection(SolutionProperties) = preSolution
		HideSolutionNode = FALSE
	EndGlobalSection
	GlobalSection(ExtensibilityGlobals) = postSolution
		SolutionGuid = {B7EA4FFB-977F-447C-AD63-A0FEA7059339}
	EndGlobalSection
EndGlobal
